
Microsoft Visual Studio Solution File, Format Version 12.00
# Visual Studio Version 17
VisualStudioVersion = 17.7.34018.315
MinimumVisualStudioVersion = 10.0.40219.1
Project("{FAE04EC0-301F-11D3-BF4B-00C04F79EFBC}") = "inluppg6.8", "inluppg6.8\inluppg6.8.csproj", "{EC0A4AFD-190A-46D0-BEF7-C2842251105A}"
EndProject
Global
	GlobalSection(SolutionConfigurationPlatforms) = preSolution
		Debug|Any CPU = Debug|Any CPU
		Release|Any CPU = Release|Any CPU
	EndGlobalSection
	GlobalSection(ProjectConfigurationPlatforms) = postSolution
		{EC0A4AFD-190A-46D0-BEF7-C2842251105A}.Debug|Any CPU.ActiveCfg = Debug|Any CPU
		{EC0A4AFD-190A-46D0-BEF7-C2842251105A}.Debug|Any CPU.Build.0 = Debug|Any CPU
		{EC0A4AFD-190A-46D0-BEF7-C2842251105A}.Release|Any CPU.ActiveCfg = Release|Any CPU
		{EC0A4AFD-190A-46D0-BEF7-C2842251105A}.Release|Any CPU.Build.0 = Release|Any CPU
	EndGlobalSection
	GlobalSection(SolutionProperties) = preSolution
		HideSolutionNode = FALSE
	EndGlobalSection
	GlobalSection(ExtensibilityGlobals) = postSolution
		SolutionGuid = {0FCFCA49-06C1-47FA-8C75-9201363960DB}
	EndGlobalSection
EndGlobal
